
Microsoft Visual Studio Solution File, Format Version 12.00
# Visual Studio Version 17
VisualStudioVersion = 17.6.33723.286
MinimumVisualStudioVersion = 10.0.40219.1
Project("{FAE04EC0-301F-11D3-BF4B-00C04F79EFBC}") = "LINQ-in-Manhattan", "LINQ-in-Manhattan\LINQ-in-Manhattan.csproj", "{56EE288E-48E0-4D5C-AFA3-A691579D9CF7}"
EndProject
Global
	GlobalSection(SolutionConfigurationPlatforms) = preSolution
		Debug|Any CPU = Debug|Any CPU
		Release|Any CPU = Release|Any CPU
	EndGlobalSection
	GlobalSection(ProjectConfigurationPlatforms) = postSolution
		{56EE288E-48E0-4D5C-AFA3-A691579D9CF7}.Debug|Any CPU.ActiveCfg = Debug|Any CPU
		{56EE288E-48E0-4D5C-AFA3-A691579D9CF7}.Debug|Any CPU.Build.0 = Debug|Any CPU
		{56EE288E-48E0-4D5C-AFA3-A691579D9CF7}.Release|Any CPU.ActiveCfg = Release|Any CPU
		{56EE288E-48E0-4D5C-AFA3-A691579D9CF7}.Release|Any CPU.Build.0 = Release|Any CPU
	EndGlobalSection
	GlobalSection(SolutionProperties) = preSolution
		HideSolutionNode = FALSE
	EndGlobalSection
	GlobalSection(ExtensibilityGlobals) = postSolution
		SolutionGuid = {F6F1F35F-C533-4E99-8A2A-291B5F692F56}
	EndGlobalSection
EndGlobal
